
Microsoft Visual Studio Solution File, Format Version 12.00
# Visual Studio Version 17
VisualStudioVersion = 17.10.34928.147
MinimumVisualStudioVersion = 10.0.40219.1
Project("{FAE04EC0-301F-11D3-BF4B-00C04F79EFBC}") = "QLBOWLING", "QLBOWLING\QLBOWLING.csproj", "{9F1169D7-FC8F-4C2D-8E58-9D47A09BC363}"
EndProject
Global
	GlobalSection(SolutionConfigurationPlatforms) = preSolution
		Debug|Any CPU = Debug|Any CPU
		Release|Any CPU = Release|Any CPU
	EndGlobalSection
	GlobalSection(ProjectConfigurationPlatforms) = postSolution
		{9F1169D7-FC8F-4C2D-8E58-9D47A09BC363}.Debug|Any CPU.ActiveCfg = Debug|Any CPU
		{9F1169D7-FC8F-4C2D-8E58-9D47A09BC363}.Debug|Any CPU.Build.0 = Debug|Any CPU
		{9F1169D7-FC8F-4C2D-8E58-9D47A09BC363}.Release|Any CPU.ActiveCfg = Release|Any CPU
		{9F1169D7-FC8F-4C2D-8E58-9D47A09BC363}.Release|Any CPU.Build.0 = Release|Any CPU
	EndGlobalSection
	GlobalSection(SolutionProperties) = preSolution
		HideSolutionNode = FALSE
	EndGlobalSection
	GlobalSection(ExtensibilityGlobals) = postSolution
		SolutionGuid = {F2EC00D9-4F4E-49E9-8155-B06CC813A414}
	EndGlobalSection
EndGlobal
